
Microsoft Visual Studio Solution File, Format Version 12.00
# Visual Studio Version 17
VisualStudioVersion = 17.13.35806.99 d17.13
MinimumVisualStudioVersion = 10.0.40219.1
Project("{FAE04EC0-301F-11D3-BF4B-00C04F79EFBC}") = "NotesAPI", "NotesAPI\NotesAPI.csproj", "{2A6F588E-5C4F-4F5B-B87A-C84F7FC96B06}"
EndProject
Global
	GlobalSection(SolutionConfigurationPlatforms) = preSolution
		Debug|Any CPU = Debug|Any CPU
		Release|Any CPU = Release|Any CPU
	EndGlobalSection
	GlobalSection(ProjectConfigurationPlatforms) = postSolution
		{2A6F588E-5C4F-4F5B-B87A-C84F7FC96B06}.Debug|Any CPU.ActiveCfg = Debug|Any CPU
		{2A6F588E-5C4F-4F5B-B87A-C84F7FC96B06}.Debug|Any CPU.Build.0 = Debug|Any CPU
		{2A6F588E-5C4F-4F5B-B87A-C84F7FC96B06}.Release|Any CPU.ActiveCfg = Release|Any CPU
		{2A6F588E-5C4F-4F5B-B87A-C84F7FC96B06}.Release|Any CPU.Build.0 = Release|Any CPU
	EndGlobalSection
	GlobalSection(SolutionProperties) = preSolution
		HideSolutionNode = FALSE
	EndGlobalSection
	GlobalSection(ExtensibilityGlobals) = postSolution
		SolutionGuid = {09A923F5-3E83-4F0C-A51A-F31A058D57AC}
	EndGlobalSection
EndGlobal
